// !$*UTF8*$!
{
	archiveVersion = 1;
	classes = {
	};
	objectVersion = 56;
	objects = {

/* Begin PBXBuildFile section */
		C716B588291D351E00C93BD6 /* main.c in Sources */ = {isa = PBXBuildFile; fileRef = C716B587291D351E00C93BD6 /* main.c */; };
		C716B593291D3DC500C93BD6 /* libusbmuxd.c in Sources */ = {isa = PBXBuildFile; fileRef = C716B592291D3DC500C93BD6 /* libusbmuxd.c */; };
		C716B599291D3E6100C93BD6 /* libplist-2.0.a in Frameworks */ = {isa = PBXBuildFile; fileRef = C716B598291D3E6100C93BD6 /* libplist-2.0.a */; };
		C716B5A4291D485100C93BD6 /* libimobiledevice-glue-1.0.a in Frameworks */ = {isa = PBXBuildFile; fileRef = C716B5A3291D485100C93BD6 /* libimobiledevice-glue-1.0.a */; };
		C779DC47291D2D7C0002564C /* main.c in Sources */ = {isa = PBXBuildFile; fileRef = C779DC46291D2D7C0002564C /* main.c */; };
/* End PBXBuildFile section */

/* Begin PBXCopyFilesBuildPhase section */
		C716B583291D351E00C93BD6 /* CopyFiles */ = {
			isa = PBXCopyFilesBuildPhase;
			buildActionMask = 2147483647;
			dstPath = /usr/share/man/man1/;
			dstSubfolderSpec = 0;
			files = (
			);
			runOnlyForDeploymentPostprocessing = 1;
		};
		C779DC41291D2D7C0002564C /* CopyFiles */ = {
			isa = PBXCopyFilesBuildPhase;
			buildActionMask = 2147483647;
			dstPath = /usr/share/man/man1/;
			dstSubfolderSpec = 0;
			files = (
			);
			runOnlyForDeploymentPostprocessing = 1;
		};
/* End PBXCopyFilesBuildPhase section */

/* Begin PBXFileReference section */
		C716B585291D351E00C93BD6 /* libusbmuxd */ = {isa = PBXFileReference; explicitFileType = "compiled.mach-o.executable"; includeInIndex = 0; path = libusbmuxd; sourceTree = BUILT_PRODUCTS_DIR; };
		C716B587291D351E00C93BD6 /* main.c */ = {isa = PBXFileReference; lastKnownFileType = sourcecode.c.c; path = main.c; sourceTree = "<group>"; };
		C716B590291D3DB900C93BD6 /* usbmuxd.h */ = {isa = PBXFileReference; fileEncoding = 4; lastKnownFileType = sourcecode.c.h; path = usbmuxd.h; sourceTree = "<group>"; };
		C716B591291D3DB900C93BD6 /* usbmuxd-proto.h */ = {isa = PBXFileReference; fileEncoding = 4; lastKnownFileType = sourcecode.c.h; path = "usbmuxd-proto.h"; sourceTree = "<group>"; };
		C716B592291D3DC500C93BD6 /* libusbmuxd.c */ = {isa = PBXFileReference; fileEncoding = 4; lastKnownFileType = sourcecode.c.c; path = libusbmuxd.c; sourceTree = "<group>"; };
		C716B597291D3DF400C93BD6 /* plist.h */ = {isa = PBXFileReference; fileEncoding = 4; lastKnownFileType = sourcecode.c.h; path = plist.h; sourceTree = "<group>"; };
		C716B598291D3E6100C93BD6 /* libplist-2.0.a */ = {isa = PBXFileReference; lastKnownFileType = archive.ar; path = "libplist-2.0.a"; sourceTree = "<group>"; };
		C716B59B291D484B00C93BD6 /* utils.h */ = {isa = PBXFileReference; fileEncoding = 4; lastKnownFileType = sourcecode.c.h; path = utils.h; sourceTree = "<group>"; };
		C716B59C291D484B00C93BD6 /* opack.h */ = {isa = PBXFileReference; fileEncoding = 4; lastKnownFileType = sourcecode.c.h; path = opack.h; sourceTree = "<group>"; };
		C716B59D291D484B00C93BD6 /* termcolors.h */ = {isa = PBXFileReference; fileEncoding = 4; lastKnownFileType = sourcecode.c.h; path = termcolors.h; sourceTree = "<group>"; };
		C716B59E291D484B00C93BD6 /* cbuf.h */ = {isa = PBXFileReference; fileEncoding = 4; lastKnownFileType = sourcecode.c.h; path = cbuf.h; sourceTree = "<group>"; };
		C716B59F291D484B00C93BD6 /* thread.h */ = {isa = PBXFileReference; fileEncoding = 4; lastKnownFileType = sourcecode.c.h; path = thread.h; sourceTree = "<group>"; };
		C716B5A0291D484B00C93BD6 /* collection.h */ = {isa = PBXFileReference; fileEncoding = 4; lastKnownFileType = sourcecode.c.h; path = collection.h; sourceTree = "<group>"; };
		C716B5A1291D484B00C93BD6 /* socket.h */ = {isa = PBXFileReference; fileEncoding = 4; lastKnownFileType = sourcecode.c.h; path = socket.h; sourceTree = "<group>"; };
		C716B5A2291D484B00C93BD6 /* tlv.h */ = {isa = PBXFileReference; fileEncoding = 4; lastKnownFileType = sourcecode.c.h; path = tlv.h; sourceTree = "<group>"; };
		C716B5A3291D485100C93BD6 /* libimobiledevice-glue-1.0.a */ = {isa = PBXFileReference; lastKnownFileType = archive.ar; path = "libimobiledevice-glue-1.0.a"; sourceTree = "<group>"; };
		C779DC43291D2D7C0002564C /* LibIMobileDevice-Debug */ = {isa = PBXFileReference; explicitFileType = "compiled.mach-o.executable"; includeInIndex = 0; path = "LibIMobileDevice-Debug"; sourceTree = BUILT_PRODUCTS_DIR; };
		C779DC46291D2D7C0002564C /* main.c */ = {isa = PBXFileReference; lastKnownFileType = sourcecode.c.c; path = main.c; sourceTree = "<group>"; };
/* End PBXFileReference section */

/* Begin PBXFrameworksBuildPhase section */
		C716B582291D351E00C93BD6 /* Frameworks */ = {
			isa = PBXFrameworksBuildPhase;
			buildActionMask = 2147483647;
			files = (
				C716B5A4291D485100C93BD6 /* libimobiledevice-glue-1.0.a in Frameworks */,
				C716B599291D3E6100C93BD6 /* libplist-2.0.a in Frameworks */,
			);
			runOnlyForDeploymentPostprocessing = 0;
		};
		C779DC40291D2D7C0002564C /* Frameworks */ = {
			isa = PBXFrameworksBuildPhase;
			buildActionMask = 2147483647;
			files = (
			);
			runOnlyForDeploymentPostprocessing = 0;
		};
/* End PBXFrameworksBuildPhase section */

/* Begin PBXGroup section */
		C716B586291D351E00C93BD6 /* libusbmuxd */ = {
			isa = PBXGroup;
			children = (
				C716B587291D351E00C93BD6 /* main.c */,
				C716B58D291D353E00C93BD6 /* Headers */,
				C716B58C291D353200C93BD6 /* Libraries */,
				C716B58E291D3D5900C93BD6 /* include */,
				C716B58F291D3D6A00C93BD6 /* src */,
			);
			path = libusbmuxd;
			sourceTree = "<group>";
		};
		C716B58C291D353200C93BD6 /* Libraries */ = {
			isa = PBXGroup;
			children = (
				C716B5A3291D485100C93BD6 /* libimobiledevice-glue-1.0.a */,
				C716B598291D3E6100C93BD6 /* libplist-2.0.a */,
			);
			path = Libraries;
			sourceTree = "<group>";
		};
		C716B58D291D353E00C93BD6 /* Headers */ = {
			isa = PBXGroup;
			children = (
				C716B59A291D484B00C93BD6 /* libimobiledevice-glue */,
				C716B596291D3DF400C93BD6 /* plist */,
			);
			path = Headers;
			sourceTree = "<group>";
		};
		C716B58E291D3D5900C93BD6 /* include */ = {
			isa = PBXGroup;
			children = (
				C716B591291D3DB900C93BD6 /* usbmuxd-proto.h */,
				C716B590291D3DB900C93BD6 /* usbmuxd.h */,
			);
			path = include;
			sourceTree = "<group>";
		};
		C716B58F291D3D6A00C93BD6 /* src */ = {
			isa = PBXGroup;
			children = (
				C716B592291D3DC500C93BD6 /* libusbmuxd.c */,
			);
			path = src;
			sourceTree = "<group>";
		};
		C716B596291D3DF400C93BD6 /* plist */ = {
			isa = PBXGroup;
			children = (
				C716B597291D3DF400C93BD6 /* plist.h */,
			);
			path = plist;
			sourceTree = "<group>";
		};
		C716B59A291D484B00C93BD6 /* libimobiledevice-glue */ = {
			isa = PBXGroup;
			children = (
				C716B59B291D484B00C93BD6 /* utils.h */,
				C716B59C291D484B00C93BD6 /* opack.h */,
				C716B59D291D484B00C93BD6 /* termcolors.h */,
				C716B59E291D484B00C93BD6 /* cbuf.h */,
				C716B59F291D484B00C93BD6 /* thread.h */,
				C716B5A0291D484B00C93BD6 /* collection.h */,
				C716B5A1291D484B00C93BD6 /* socket.h */,
				C716B5A2291D484B00C93BD6 /* tlv.h */,
			);
			path = "libimobiledevice-glue";
			sourceTree = "<group>";
		};
		C779DC3A291D2D7C0002564C = {
			isa = PBXGroup;
			children = (
				C779DC45291D2D7C0002564C /* LibIMobileDevice-Debug */,
				C716B586291D351E00C93BD6 /* libusbmuxd */,
				C779DC44291D2D7C0002564C /* Products */,
			);
			sourceTree = "<group>";
		};
		C779DC44291D2D7C0002564C /* Products */ = {
			isa = PBXGroup;
			children = (
				C779DC43291D2D7C0002564C /* LibIMobileDevice-Debug */,
				C716B585291D351E00C93BD6 /* libusbmuxd */,
			);
			name = Products;
			sourceTree = "<group>";
		};
		C779DC45291D2D7C0002564C /* LibIMobileDevice-Debug */ = {
			isa = PBXGroup;
			children = (
				C779DC46291D2D7C0002564C /* main.c */,
			);
			path = "LibIMobileDevice-Debug";
			sourceTree = "<group>";
		};
/* End PBXGroup section */

/* Begin PBXNativeTarget section */
		C716B584291D351E00C93BD6 /* libusbmuxd */ = {
			isa = PBXNativeTarget;
			buildConfigurationList = C716B589291D351E00C93BD6 /* Build configuration list for PBXNativeTarget "libusbmuxd" */;
			buildPhases = (
				C716B581291D351E00C93BD6 /* Sources */,
				C716B582291D351E00C93BD6 /* Frameworks */,
				C716B583291D351E00C93BD6 /* CopyFiles */,
			);
			buildRules = (
			);
			dependencies = (
			);
			name = libusbmuxd;
			productName = libusbmuxd;
			productReference = C716B585291D351E00C93BD6 /* libusbmuxd */;
			productType = "com.apple.product-type.tool";
		};
		C779DC42291D2D7C0002564C /* LibIMobileDevice-Debug */ = {
			isa = PBXNativeTarget;
			buildConfigurationList = C779DC4A291D2D7C0002564C /* Build configuration list for PBXNativeTarget "LibIMobileDevice-Debug" */;
			buildPhases = (
				C779DC3F291D2D7C0002564C /* Sources */,
				C779DC40291D2D7C0002564C /* Frameworks */,
				C779DC41291D2D7C0002564C /* CopyFiles */,
			);
			buildRules = (
			);
			dependencies = (
			);
			name = "LibIMobileDevice-Debug";
			productName = "LibIMobileDevice-Debug";
			productReference = C779DC43291D2D7C0002564C /* LibIMobileDevice-Debug */;
			productType = "com.apple.product-type.tool";
		};
/* End PBXNativeTarget section */

/* Begin PBXProject section */
		C779DC3B291D2D7C0002564C /* Project object */ = {
			isa = PBXProject;
			attributes = {
				BuildIndependentTargetsInParallel = 1;
				LastUpgradeCheck = 1410;
				TargetAttributes = {
					C716B584291D351E00C93BD6 = {
						CreatedOnToolsVersion = 14.1;
					};
					C779DC42291D2D7C0002564C = {
						CreatedOnToolsVersion = 14.1;
					};
				};
			};
			buildConfigurationList = C779DC3E291D2D7C0002564C /* Build configuration list for PBXProject "LibIMobileDevice-Debug" */;
			compatibilityVersion = "Xcode 14.0";
			developmentRegion = en;
			hasScannedForEncodings = 0;
			knownRegions = (
				en,
				Base,
			);
			mainGroup = C779DC3A291D2D7C0002564C;
			productRefGroup = C779DC44291D2D7C0002564C /* Products */;
			projectDirPath = "";
			projectRoot = "";
			targets = (
				C779DC42291D2D7C0002564C /* LibIMobileDevice-Debug */,
				C716B584291D351E00C93BD6 /* libusbmuxd */,
			);
		};
/* End PBXProject section */

/* Begin PBXSourcesBuildPhase section */
		C716B581291D351E00C93BD6 /* Sources */ = {
			isa = PBXSourcesBuildPhase;
			buildActionMask = 2147483647;
			files = (
				C716B593291D3DC500C93BD6 /* libusbmuxd.c in Sources */,
				C716B588291D351E00C93BD6 /* main.c in Sources */,
			);
			runOnlyForDeploymentPostprocessing = 0;
		};
		C779DC3F291D2D7C0002564C /* Sources */ = {
			isa = PBXSourcesBuildPhase;
			buildActionMask = 2147483647;
			files = (
				C779DC47291D2D7C0002564C /* main.c in Sources */,
			);
			runOnlyForDeploymentPostprocessing = 0;
		};
/* End PBXSourcesBuildPhase section */

/* Begin XCBuildConfiguration section */
		C716B58A291D351E00C93BD6 /* Debug */ = {
			isa = XCBuildConfiguration;
			buildSettings = {
				CODE_SIGN_STYLE = Automatic;
				DEVELOPMENT_TEAM = 88JVP7LE4V;
				ENABLE_HARDENED_RUNTIME = YES;
				HEADER_SEARCH_PATHS = "$(PROJECT_DIR)/libusbmuxd/Headers";
				LIBRARY_SEARCH_PATHS = (
					"$(inherited)",
					"$(PROJECT_DIR)/libusbmuxd/Libraries",
				);
				PRODUCT_NAME = "$(TARGET_NAME)";
			};
			name = Debug;
		};
		C716B58B291D351E00C93BD6 /* Release */ = {
			isa = XCBuildConfiguration;
			buildSettings = {
				CODE_SIGN_STYLE = Automatic;
				DEVELOPMENT_TEAM = 88JVP7LE4V;
				ENABLE_HARDENED_RUNTIME = YES;
				HEADER_SEARCH_PATHS = "$(PROJECT_DIR)/libusbmuxd/Headers";
				LIBRARY_SEARCH_PATHS = (
					"$(inherited)",
					"$(PROJECT_DIR)/libusbmuxd/Libraries",
				);
				PRODUCT_NAME = "$(TARGET_NAME)";
			};
			name = Release;
		};
		C779DC48291D2D7C0002564C /* Debug */ = {
			isa = XCBuildConfiguration;
			buildSettings = {
				ALWAYS_SEARCH_USER_PATHS = NO;
				CLANG_ANALYZER_NONNULL = YES;
				CLANG_ANALYZER_NUMBER_OBJECT_CONVERSION = YES_AGGRESSIVE;
				CLANG_CXX_LANGUAGE_STANDARD = "gnu++20";
				CLANG_ENABLE_MODULES = YES;
				CLANG_ENABLE_OBJC_ARC = YES;
				CLANG_ENABLE_OBJC_WEAK = YES;
				CLANG_WARN_BLOCK_CAPTURE_AUTORELEASING = YES;
				CLANG_WARN_BOOL_CONVERSION = YES;
				CLANG_WARN_COMMA = YES;
				CLANG_WARN_CONSTANT_CONVERSION = YES;
				CLANG_WARN_DEPRECATED_OBJC_IMPLEMENTATIONS = YES;
				CLANG_WARN_DIRECT_OBJC_ISA_USAGE = YES_ERROR;
				CLANG_WARN_DOCUMENTATION_COMMENTS = YES;
				CLANG_WARN_EMPTY_BODY = YES;
				CLANG_WARN_ENUM_CONVERSION = YES;
				CLANG_WARN_INFINITE_RECURSION = YES;
				CLANG_WARN_INT_CONVERSION = YES;
				CLANG_WARN_NON_LITERAL_NULL_CONVERSION = YES;
				CLANG_WARN_OBJC_IMPLICIT_RETAIN_SELF = YES;
				CLANG_WARN_OBJC_LITERAL_CONVERSION = YES;
				CLANG_WARN_OBJC_ROOT_CLASS = YES_ERROR;
				CLANG_WARN_QUOTED_INCLUDE_IN_FRAMEWORK_HEADER = YES;
				CLANG_WARN_RANGE_LOOP_ANALYSIS = YES;
				CLANG_WARN_STRICT_PROTOTYPES = YES;
				CLANG_WARN_SUSPICIOUS_MOVE = YES;
				CLANG_WARN_UNGUARDED_AVAILABILITY = YES_AGGRESSIVE;
				CLANG_WARN_UNREACHABLE_CODE = YES;
				CLANG_WARN__DUPLICATE_METHOD_MATCH = YES;
				COPY_PHASE_STRIP = NO;
				DEBUG_INFORMATION_FORMAT = dwarf;
				ENABLE_STRICT_OBJC_MSGSEND = YES;
				ENABLE_TESTABILITY = YES;
				GCC_C_LANGUAGE_STANDARD = gnu11;
				GCC_DYNAMIC_NO_PIC = NO;
				GCC_NO_COMMON_BLOCKS = YES;
				GCC_OPTIMIZATION_LEVEL = 0;
				GCC_PREPROCESSOR_DEFINITIONS = (
					"DEBUG=1",
					"$(inherited)",
				);
				GCC_WARN_64_TO_32_BIT_CONVERSION = YES;
				GCC_WARN_ABOUT_RETURN_TYPE = YES_ERROR;
				GCC_WARN_UNDECLARED_SELECTOR = YES;
				GCC_WARN_UNINITIALIZED_AUTOS = YES_AGGRESSIVE;
				GCC_WARN_UNUSED_FUNCTION = YES;
				GCC_WARN_UNUSED_VARIABLE = YES;
				MACOSX_DEPLOYMENT_TARGET = 12.6;
				MTL_ENABLE_DEBUG_INFO = INCLUDE_SOURCE;
				MTL_FAST_MATH = YES;
				ONLY_ACTIVE_ARCH = YES;
				SDKROOT = macosx;
			};
			name = Debug;
		};
		C779DC49291D2D7C0002564C /* Release */ = {
			isa = XCBuildConfiguration;
			buildSettings = {
				ALWAYS_SEARCH_USER_PATHS = NO;
				CLANG_ANALYZER_NONNULL = YES;
				CLANG_ANALYZER_NUMBER_OBJECT_CONVERSION = YES_AGGRESSIVE;
				CLANG_CXX_LANGUAGE_STANDARD = "gnu++20";
				CLANG_ENABLE_MODULES = YES;
				CLANG_ENABLE_OBJC_ARC = YES;
				CLANG_ENABLE_OBJC_WEAK = YES;
				CLANG_WARN_BLOCK_CAPTURE_AUTORELEASING = YES;
				CLANG_WARN_BOOL_CONVERSION = YES;
				CLANG_WARN_COMMA = YES;
				CLANG_WARN_CONSTANT_CONVERSION = YES;
				CLANG_WARN_DEPRECATED_OBJC_IMPLEMENTATIONS = YES;
				CLANG_WARN_DIRECT_OBJC_ISA_USAGE = YES_ERROR;
				CLANG_WARN_DOCUMENTATION_COMMENTS = YES;
				CLANG_WARN_EMPTY_BODY = YES;
				CLANG_WARN_ENUM_CONVERSION = YES;
				CLANG_WARN_INFINITE_RECURSION = YES;
				CLANG_WARN_INT_CONVERSION = YES;
				CLANG_WARN_NON_LITERAL_NULL_CONVERSION = YES;
				CLANG_WARN_OBJC_IMPLICIT_RETAIN_SELF = YES;
				CLANG_WARN_OBJC_LITERAL_CONVERSION = YES;
				CLANG_WARN_OBJC_ROOT_CLASS = YES_ERROR;
				CLANG_WARN_QUOTED_INCLUDE_IN_FRAMEWORK_HEADER = YES;
				CLANG_WARN_RANGE_LOOP_ANALYSIS = YES;
				CLANG_WARN_STRICT_PROTOTYPES = YES;
				CLANG_WARN_SUSPICIOUS_MOVE = YES;
				CLANG_WARN_UNGUARDED_AVAILABILITY = YES_AGGRESSIVE;
				CLANG_WARN_UNREACHABLE_CODE = YES;
				CLANG_WARN__DUPLICATE_METHOD_MATCH = YES;
				COPY_PHASE_STRIP = NO;
				DEBUG_INFORMATION_FORMAT = "dwarf-with-dsym";
				ENABLE_NS_ASSERTIONS = NO;
				ENABLE_STRICT_OBJC_MSGSEND = YES;
				GCC_C_LANGUAGE_STANDARD = gnu11;
				GCC_NO_COMMON_BLOCKS = YES;
				GCC_WARN_64_TO_32_BIT_CONVERSION = YES;
				GCC_WARN_ABOUT_RETURN_TYPE = YES_ERROR;
				GCC_WARN_UNDECLARED_SELECTOR = YES;
				GCC_WARN_UNINITIALIZED_AUTOS = YES_AGGRESSIVE;
				GCC_WARN_UNUSED_FUNCTION = YES;
				GCC_WARN_UNUSED_VARIABLE = YES;
				MACOSX_DEPLOYMENT_TARGET = 12.6;
				MTL_ENABLE_DEBUG_INFO = NO;
				MTL_FAST_MATH = YES;
				SDKROOT = macosx;
			};
			name = Release;
		};
		C779DC4B291D2D7C0002564C /* Debug */ = {
			isa = XCBuildConfiguration;
			buildSettings = {
				CODE_SIGN_STYLE = Automatic;
				DEVELOPMENT_TEAM = 88JVP7LE4V;
				ENABLE_HARDENED_RUNTIME = YES;
				PRODUCT_NAME = "$(TARGET_NAME)";
			};
			name = Debug;
		};
		C779DC4C291D2D7C0002564C /* Release */ = {
			isa = XCBuildConfiguration;
			buildSettings = {
				CODE_SIGN_STYLE = Automatic;
				DEVELOPMENT_TEAM = 88JVP7LE4V;
				ENABLE_HARDENED_RUNTIME = YES;
				PRODUCT_NAME = "$(TARGET_NAME)";
			};
			name = Release;
		};
/* End XCBuildConfiguration section */

/* Begin XCConfigurationList section */
		C716B589291D351E00C93BD6 /* Build configuration list for PBXNativeTarget "libusbmuxd" */ = {
			isa = XCConfigurationList;
			buildConfigurations = (
				C716B58A291D351E00C93BD6 /* Debug */,
				C716B58B291D351E00C93BD6 /* Release */,
			);
			defaultConfigurationIsVisible = 0;
			defaultConfigurationName = Release;
		};
		C779DC3E291D2D7C0002564C /* Build configuration list for PBXProject "LibIMobileDevice-Debug" */ = {
			isa = XCConfigurationList;
			buildConfigurations = (
				C779DC48291D2D7C0002564C /* Debug */,
				C779DC49291D2D7C0002564C /* Release */,
			);
			defaultConfigurationIsVisible = 0;
			defaultConfigurationName = Release;
		};
		C779DC4A291D2D7C0002564C /* Build configuration list for PBXNativeTarget "LibIMobileDevice-Debug" */ = {
			isa = XCConfigurationList;
			buildConfigurations = (
				C779DC4B291D2D7C0002564C /* Debug */,
				C779DC4C291D2D7C0002564C /* Release */,
			);
			defaultConfigurationIsVisible = 0;
			defaultConfigurationName = Release;
		};
/* End XCConfigurationList section */
	};
	rootObject = C779DC3B291D2D7C0002564C /* Project object */;
}
